
Microsoft Visual Studio Solution File, Format Version 12.00
# Visual Studio 15
Project("{FAE04EC0-301F-11D3-BF4B-00C04F79EFBC}") = "Assembly-CSharp", "Assembly-CSharp.csproj", "{37ACDD29-AB67-654D-C75D-D416AA48F7E5}"
EndProject
Project("{FAE04EC0-301F-11D3-BF4B-00C04F79EFBC}") = "Assembly-CSharp-Editor", "Assembly-CSharp-Editor.csproj", "{3F14E2A8-B628-3A19-B11B-BCFB893C99C3}"
EndProject
Global
	GlobalSection(SolutionConfigurationPlatforms) = preSolution
		Debug|Any CPU = Debug|Any CPU
		Release|Any CPU = Release|Any CPU
	EndGlobalSection
	GlobalSection(ProjectConfigurationPlatforms) = postSolution
		{37ACDD29-AB67-654D-C75D-D416AA48F7E5}.Debug|Any CPU.ActiveCfg = Debug|Any CPU
		{37ACDD29-AB67-654D-C75D-D416AA48F7E5}.Debug|Any CPU.Build.0 = Debug|Any CPU
		{37ACDD29-AB67-654D-C75D-D416AA48F7E5}.Release|Any CPU.ActiveCfg = Release|Any CPU
		{37ACDD29-AB67-654D-C75D-D416AA48F7E5}.Release|Any CPU.Build.0 = Release|Any CPU
		{3F14E2A8-B628-3A19-B11B-BCFB893C99C3}.Debug|Any CPU.ActiveCfg = Debug|Any CPU
		{3F14E2A8-B628-3A19-B11B-BCFB893C99C3}.Debug|Any CPU.Build.0 = Debug|Any CPU
		{3F14E2A8-B628-3A19-B11B-BCFB893C99C3}.Release|Any CPU.ActiveCfg = Release|Any CPU
		{3F14E2A8-B628-3A19-B11B-BCFB893C99C3}.Release|Any CPU.Build.0 = Release|Any CPU
	EndGlobalSection
	GlobalSection(SolutionProperties) = preSolution
		HideSolutionNode = FALSE
	EndGlobalSection
EndGlobal
